
Microsoft Visual Studio Solution File, Format Version 11.00
# Visual Studio 2010 Express for Windows Phone
Project("{FAE04EC0-301F-11D3-BF4B-00C04F79EFBC}") = "JazzChartApp", "JazzChartApp\JazzChartApp.csproj", "{F6C433F6-6D25-42BE-99B4-9B5481FD387C}"
EndProject
Global
	GlobalSection(SolutionConfigurationPlatforms) = preSolution
		Debug|Any CPU = Debug|Any CPU
		Release|Any CPU = Release|Any CPU
	EndGlobalSection
	GlobalSection(ProjectConfigurationPlatforms) = postSolution
		{F6C433F6-6D25-42BE-99B4-9B5481FD387C}.Debug|Any CPU.ActiveCfg = Debug|Any CPU
		{F6C433F6-6D25-42BE-99B4-9B5481FD387C}.Debug|Any CPU.Build.0 = Debug|Any CPU
		{F6C433F6-6D25-42BE-99B4-9B5481FD387C}.Debug|Any CPU.Deploy.0 = Debug|Any CPU
		{F6C433F6-6D25-42BE-99B4-9B5481FD387C}.Release|Any CPU.ActiveCfg = Release|Any CPU
		{F6C433F6-6D25-42BE-99B4-9B5481FD387C}.Release|Any CPU.Build.0 = Release|Any CPU
		{F6C433F6-6D25-42BE-99B4-9B5481FD387C}.Release|Any CPU.Deploy.0 = Release|Any CPU
	EndGlobalSection
	GlobalSection(SolutionProperties) = preSolution
		HideSolutionNode = FALSE
	EndGlobalSection
EndGlobal
